
Microsoft Visual Studio Solution File, Format Version 12.00
# Visual Studio 15
VisualStudioVersion = 15.0.27703.2035
MinimumVisualStudioVersion = 10.0.40219.1
Project("{888888A0-9F3D-457C-B088-3A5042F75D52}") = "alien-invaders", "alien-invaders.pyproj", "{25B3BC52-4E66-433F-A29A-91C005B5B67A}"
EndProject
Global
	GlobalSection(SolutionConfigurationPlatforms) = preSolution
		Debug|Any CPU = Debug|Any CPU
		Release|Any CPU = Release|Any CPU
	EndGlobalSection
	GlobalSection(ProjectConfigurationPlatforms) = postSolution
		{25B3BC52-4E66-433F-A29A-91C005B5B67A}.Debug|Any CPU.ActiveCfg = Debug|Any CPU
		{25B3BC52-4E66-433F-A29A-91C005B5B67A}.Release|Any CPU.ActiveCfg = Release|Any CPU
	EndGlobalSection
	GlobalSection(SolutionProperties) = preSolution
		HideSolutionNode = FALSE
	EndGlobalSection
	GlobalSection(ExtensibilityGlobals) = postSolution
		SolutionGuid = {833B6CA9-BEBB-4E0E-97F1-FE313B4ED040}
	EndGlobalSection
EndGlobal
